
Microsoft Visual Studio Solution File, Format Version 12.00
# Visual Studio Version 17
VisualStudioVersion = 17.0.32112.339
MinimumVisualStudioVersion = 10.0.40219.1
Project("{9A19103F-16F7-4668-BE54-9A1E7A4F7556}") = "SensoStat.Mobile", "SensoStat.Mobile\SensoStat.Mobile.csproj", "{568B793D-11BD-446A-A345-1927BAC5189C}"
EndProject
Project("{FAE04EC0-301F-11D3-BF4B-00C04F79EFBC}") = "SensoStat.Mobile.Android", "SensoStat.Mobile.Android\SensoStat.Mobile.Android.csproj", "{9500A906-372F-490D-A3CC-B7B44416F36A}"
EndProject
Project("{FAE04EC0-301F-11D3-BF4B-00C04F79EFBC}") = "SensoStat.Mobile.iOS", "SensoStat.Mobile.iOS\SensoStat.Mobile.iOS.csproj", "{4AB4B9E3-D8D5-4E03-B2F3-4D821E30F882}"
EndProject
Project("{2150E333-8FDC-42A3-9474-1A3956D46DE8}") = "Solution Items", "Solution Items", "{BDAF9D92-098C-49CB-A77E-DEAF6325A87E}"
	ProjectSection(SolutionItems) = preProject
		.gitignore = .gitignore
	EndProjectSection
EndProject
Global
	GlobalSection(SolutionConfigurationPlatforms) = preSolution
		Debug|Any CPU = Debug|Any CPU
		Debug|iPhone = Debug|iPhone
		Debug|iPhoneSimulator = Debug|iPhoneSimulator
		Release|Any CPU = Release|Any CPU
		Release|iPhone = Release|iPhone
		Release|iPhoneSimulator = Release|iPhoneSimulator
	EndGlobalSection
	GlobalSection(ProjectConfigurationPlatforms) = postSolution
		{568B793D-11BD-446A-A345-1927BAC5189C}.Debug|Any CPU.ActiveCfg = Debug|Any CPU
		{568B793D-11BD-446A-A345-1927BAC5189C}.Debug|Any CPU.Build.0 = Debug|Any CPU
		{568B793D-11BD-446A-A345-1927BAC5189C}.Debug|iPhone.ActiveCfg = Debug|Any CPU
		{568B793D-11BD-446A-A345-1927BAC5189C}.Debug|iPhone.Build.0 = Debug|Any CPU
		{568B793D-11BD-446A-A345-1927BAC5189C}.Debug|iPhoneSimulator.ActiveCfg = Debug|Any CPU
		{568B793D-11BD-446A-A345-1927BAC5189C}.Debug|iPhoneSimulator.Build.0 = Debug|Any CPU
		{568B793D-11BD-446A-A345-1927BAC5189C}.Release|Any CPU.ActiveCfg = Release|Any CPU
		{568B793D-11BD-446A-A345-1927BAC5189C}.Release|Any CPU.Build.0 = Release|Any CPU
		{568B793D-11BD-446A-A345-1927BAC5189C}.Release|iPhone.ActiveCfg = Release|Any CPU
		{568B793D-11BD-446A-A345-1927BAC5189C}.Release|iPhone.Build.0 = Release|Any CPU
		{568B793D-11BD-446A-A345-1927BAC5189C}.Release|iPhoneSimulator.ActiveCfg = Release|Any CPU
		{568B793D-11BD-446A-A345-1927BAC5189C}.Release|iPhoneSimulator.Build.0 = Release|Any CPU
		{9500A906-372F-490D-A3CC-B7B44416F36A}.Debug|Any CPU.ActiveCfg = Debug|Any CPU
		{9500A906-372F-490D-A3CC-B7B44416F36A}.Debug|Any CPU.Build.0 = Debug|Any CPU
		{9500A906-372F-490D-A3CC-B7B44416F36A}.Debug|Any CPU.Deploy.0 = Debug|Any CPU
		{9500A906-372F-490D-A3CC-B7B44416F36A}.Debug|iPhone.ActiveCfg = Debug|Any CPU
		{9500A906-372F-490D-A3CC-B7B44416F36A}.Debug|iPhone.Build.0 = Debug|Any CPU
		{9500A906-372F-490D-A3CC-B7B44416F36A}.Debug|iPhoneSimulator.ActiveCfg = Debug|Any CPU
		{9500A906-372F-490D-A3CC-B7B44416F36A}.Debug|iPhoneSimulator.Build.0 = Debug|Any CPU
		{9500A906-372F-490D-A3CC-B7B44416F36A}.Release|Any CPU.ActiveCfg = Release|Any CPU
		{9500A906-372F-490D-A3CC-B7B44416F36A}.Release|Any CPU.Build.0 = Release|Any CPU
		{9500A906-372F-490D-A3CC-B7B44416F36A}.Release|iPhone.ActiveCfg = Release|Any CPU
		{9500A906-372F-490D-A3CC-B7B44416F36A}.Release|iPhone.Build.0 = Release|Any CPU
		{9500A906-372F-490D-A3CC-B7B44416F36A}.Release|iPhoneSimulator.ActiveCfg = Release|Any CPU
		{9500A906-372F-490D-A3CC-B7B44416F36A}.Release|iPhoneSimulator.Build.0 = Release|Any CPU
		{4AB4B9E3-D8D5-4E03-B2F3-4D821E30F882}.Debug|Any CPU.ActiveCfg = Debug|iPhoneSimulator
		{4AB4B9E3-D8D5-4E03-B2F3-4D821E30F882}.Debug|Any CPU.Build.0 = Debug|iPhoneSimulator
		{4AB4B9E3-D8D5-4E03-B2F3-4D821E30F882}.Debug|iPhone.ActiveCfg = Debug|iPhone
		{4AB4B9E3-D8D5-4E03-B2F3-4D821E30F882}.Debug|iPhone.Build.0 = Debug|iPhone
		{4AB4B9E3-D8D5-4E03-B2F3-4D821E30F882}.Debug|iPhoneSimulator.ActiveCfg = Debug|iPhoneSimulator
		{4AB4B9E3-D8D5-4E03-B2F3-4D821E30F882}.Debug|iPhoneSimulator.Build.0 = Debug|iPhoneSimulator
		{4AB4B9E3-D8D5-4E03-B2F3-4D821E30F882}.Release|Any CPU.ActiveCfg = Release|iPhoneSimulator
		{4AB4B9E3-D8D5-4E03-B2F3-4D821E30F882}.Release|Any CPU.Build.0 = Release|iPhoneSimulator
		{4AB4B9E3-D8D5-4E03-B2F3-4D821E30F882}.Release|iPhone.ActiveCfg = Release|iPhone
		{4AB4B9E3-D8D5-4E03-B2F3-4D821E30F882}.Release|iPhone.Build.0 = Release|iPhone
		{4AB4B9E3-D8D5-4E03-B2F3-4D821E30F882}.Release|iPhoneSimulator.ActiveCfg = Release|iPhoneSimulator
		{4AB4B9E3-D8D5-4E03-B2F3-4D821E30F882}.Release|iPhoneSimulator.Build.0 = Release|iPhoneSimulator
	EndGlobalSection
	GlobalSection(SolutionProperties) = preSolution
		HideSolutionNode = FALSE
	EndGlobalSection
	GlobalSection(ExtensibilityGlobals) = postSolution
		SolutionGuid = {3C8D971C-8AA6-419D-9525-7156AFEA081B}
	EndGlobalSection
EndGlobal
